
Microsoft Visual Studio Solution File, Format Version 12.00
# Visual Studio Version 16
VisualStudioVersion = 16.0.30804.86
MinimumVisualStudioVersion = 10.0.40219.1
Project("{FAE04EC0-301F-11D3-BF4B-00C04F79EFBC}") = "CSharpExercises_18", "CSharpExercises_18.csproj", "{311BC794-CC86-4538-8EBD-F955D6DE6E07}"
EndProject
Global
	GlobalSection(SolutionConfigurationPlatforms) = preSolution
		Debug|Any CPU = Debug|Any CPU
		Release|Any CPU = Release|Any CPU
	EndGlobalSection
	GlobalSection(ProjectConfigurationPlatforms) = postSolution
		{311BC794-CC86-4538-8EBD-F955D6DE6E07}.Debug|Any CPU.ActiveCfg = Debug|Any CPU
		{311BC794-CC86-4538-8EBD-F955D6DE6E07}.Debug|Any CPU.Build.0 = Debug|Any CPU
		{311BC794-CC86-4538-8EBD-F955D6DE6E07}.Release|Any CPU.ActiveCfg = Release|Any CPU
		{311BC794-CC86-4538-8EBD-F955D6DE6E07}.Release|Any CPU.Build.0 = Release|Any CPU
	EndGlobalSection
	GlobalSection(SolutionProperties) = preSolution
		HideSolutionNode = FALSE
	EndGlobalSection
	GlobalSection(ExtensibilityGlobals) = postSolution
		SolutionGuid = {18175AD0-87AB-4C3C-A21B-C8A38348A58D}
	EndGlobalSection
EndGlobal
